
Microsoft Visual Studio Solution File, Format Version 12.00
# Visual Studio 14
VisualStudioVersion = 14.0.25420.1
MinimumVisualStudioVersion = 10.0.40219.1
Project("{FAE04EC0-301F-11D3-BF4B-00C04F79EFBC}") = "EnergyPlus_oM", "EnergyPlus_oM\EnergyPlus_oM.csproj", "{D20A1BBC-E8F9-43D4-BECC-67F21C3C3B2A}"
EndProject
Project("{FAE04EC0-301F-11D3-BF4B-00C04F79EFBC}") = "EnergyPlus_Engine", "EnergyPlus_Engine\EnergyPlus_Engine.csproj", "{E000D5D8-A16F-46B3-A49B-A57038E119C3}"
EndProject
Project("{FAE04EC0-301F-11D3-BF4B-00C04F79EFBC}") = "EnergyPlus_Adapter", "EnergyPlus_Adapter\EnergyPlus_Adapter.csproj", "{C4843387-1373-4645-BE68-FF5BD00EC03F}"
EndProject
Global
	GlobalSection(SolutionConfigurationPlatforms) = preSolution
		Debug|Any CPU = Debug|Any CPU
		Release|Any CPU = Release|Any CPU
	EndGlobalSection
	GlobalSection(ProjectConfigurationPlatforms) = postSolution
		{D20A1BBC-E8F9-43D4-BECC-67F21C3C3B2A}.Debug|Any CPU.ActiveCfg = Debug|Any CPU
		{D20A1BBC-E8F9-43D4-BECC-67F21C3C3B2A}.Debug|Any CPU.Build.0 = Debug|Any CPU
		{D20A1BBC-E8F9-43D4-BECC-67F21C3C3B2A}.Release|Any CPU.ActiveCfg = Release|Any CPU
		{D20A1BBC-E8F9-43D4-BECC-67F21C3C3B2A}.Release|Any CPU.Build.0 = Release|Any CPU
		{E000D5D8-A16F-46B3-A49B-A57038E119C3}.Debug|Any CPU.ActiveCfg = Debug|Any CPU
		{E000D5D8-A16F-46B3-A49B-A57038E119C3}.Debug|Any CPU.Build.0 = Debug|Any CPU
		{E000D5D8-A16F-46B3-A49B-A57038E119C3}.Release|Any CPU.ActiveCfg = Release|Any CPU
		{E000D5D8-A16F-46B3-A49B-A57038E119C3}.Release|Any CPU.Build.0 = Release|Any CPU
		{C4843387-1373-4645-BE68-FF5BD00EC03F}.Debug|Any CPU.ActiveCfg = Debug|Any CPU
		{C4843387-1373-4645-BE68-FF5BD00EC03F}.Debug|Any CPU.Build.0 = Debug|Any CPU
		{C4843387-1373-4645-BE68-FF5BD00EC03F}.Release|Any CPU.ActiveCfg = Release|Any CPU
		{C4843387-1373-4645-BE68-FF5BD00EC03F}.Release|Any CPU.Build.0 = Release|Any CPU
	EndGlobalSection
	GlobalSection(SolutionProperties) = preSolution
		HideSolutionNode = FALSE
	EndGlobalSection
EndGlobal
